
Microsoft Visual Studio Solution File, Format Version 12.00
# Visual Studio Version 17
VisualStudioVersion = 17.10.35013.160
MinimumVisualStudioVersion = 10.0.40219.1
Project("{FAE04EC0-301F-11D3-BF4B-00C04F79EFBC}") = "lab24", "lab24.csproj", "{FCEDE8F5-A478-45C7-B47B-EC7D3B692518}"
EndProject
Global
	GlobalSection(SolutionConfigurationPlatforms) = preSolution
		Debug|Any CPU = Debug|Any CPU
		Release|Any CPU = Release|Any CPU
	EndGlobalSection
	GlobalSection(ProjectConfigurationPlatforms) = postSolution
		{FCEDE8F5-A478-45C7-B47B-EC7D3B692518}.Debug|Any CPU.ActiveCfg = Debug|Any CPU
		{FCEDE8F5-A478-45C7-B47B-EC7D3B692518}.Debug|Any CPU.Build.0 = Debug|Any CPU
		{FCEDE8F5-A478-45C7-B47B-EC7D3B692518}.Release|Any CPU.ActiveCfg = Release|Any CPU
		{FCEDE8F5-A478-45C7-B47B-EC7D3B692518}.Release|Any CPU.Build.0 = Release|Any CPU
	EndGlobalSection
	GlobalSection(SolutionProperties) = preSolution
		HideSolutionNode = FALSE
	EndGlobalSection
	GlobalSection(ExtensibilityGlobals) = postSolution
		SolutionGuid = {AB958A2B-7B28-4C32-87E6-3A4B91D56452}
	EndGlobalSection
EndGlobal
