
Microsoft Visual Studio Solution File, Format Version 12.00
# Visual Studio Version 17
VisualStudioVersion = 17.10.35013.160
MinimumVisualStudioVersion = 10.0.40219.1
Project("{FAE04EC0-301F-11D3-BF4B-00C04F79EFBC}") = "lab29", "lab29.csproj", "{591CCDB3-379C-45A1-9BE4-6A090EA57504}"
EndProject
Global
	GlobalSection(SolutionConfigurationPlatforms) = preSolution
		Debug|Any CPU = Debug|Any CPU
		Release|Any CPU = Release|Any CPU
	EndGlobalSection
	GlobalSection(ProjectConfigurationPlatforms) = postSolution
		{591CCDB3-379C-45A1-9BE4-6A090EA57504}.Debug|Any CPU.ActiveCfg = Debug|Any CPU
		{591CCDB3-379C-45A1-9BE4-6A090EA57504}.Debug|Any CPU.Build.0 = Debug|Any CPU
		{591CCDB3-379C-45A1-9BE4-6A090EA57504}.Release|Any CPU.ActiveCfg = Release|Any CPU
		{591CCDB3-379C-45A1-9BE4-6A090EA57504}.Release|Any CPU.Build.0 = Release|Any CPU
	EndGlobalSection
	GlobalSection(SolutionProperties) = preSolution
		HideSolutionNode = FALSE
	EndGlobalSection
	GlobalSection(ExtensibilityGlobals) = postSolution
		SolutionGuid = {82CF7AE7-0334-42DF-A546-0D3A5DE61380}
	EndGlobalSection
EndGlobal
